
Microsoft Visual Studio Solution File, Format Version 12.00
# Visual Studio Version 16
VisualStudioVersion = 16.0.29521.150
MinimumVisualStudioVersion = 10.0.40219.1
Project("{FAE04EC0-301F-11D3-BF4B-00C04F79EFBC}") = "LocalDatabaseTutorial.UWP", "LocalDatabaseTutorial\LocalDatabaseTutorial.UWP\LocalDatabaseTutorial.UWP.csproj", "{71D08F06-CFA4-4E49-A98A-F174C26B5802}"
EndProject
Project("{FAE04EC0-301F-11D3-BF4B-00C04F79EFBC}") = "LocalDatabaseTutorial.Android", "LocalDatabaseTutorial\LocalDatabaseTutorial.Android\LocalDatabaseTutorial.Android.csproj", "{FA34D756-2649-43D9-A035-F85BCD0EB966}"
EndProject
Project("{FAE04EC0-301F-11D3-BF4B-00C04F79EFBC}") = "LocalDatabaseTutorial.iOS", "LocalDatabaseTutorial\LocalDatabaseTutorial.iOS\LocalDatabaseTutorial.iOS.csproj", "{618DFA7F-A31F-4B48-A40B-3F41E16D334A}"
EndProject
Project("{FAE04EC0-301F-11D3-BF4B-00C04F79EFBC}") = "LocalDatabaseTutorial", "LocalDatabaseTutorial\LocalDatabaseTutorial\LocalDatabaseTutorial.csproj", "{575FF6BD-A755-4B16-8C6A-F01D9C6C2464}"
EndProject
Global
	GlobalSection(SolutionConfigurationPlatforms) = preSolution
		Debug|Any CPU = Debug|Any CPU
		Debug|ARM = Debug|ARM
		Debug|iPhone = Debug|iPhone
		Debug|iPhoneSimulator = Debug|iPhoneSimulator
		Debug|x64 = Debug|x64
		Debug|x86 = Debug|x86
		Release|Any CPU = Release|Any CPU
		Release|ARM = Release|ARM
		Release|iPhone = Release|iPhone
		Release|iPhoneSimulator = Release|iPhoneSimulator
		Release|x64 = Release|x64
		Release|x86 = Release|x86
	EndGlobalSection
	GlobalSection(ProjectConfigurationPlatforms) = postSolution
		{71D08F06-CFA4-4E49-A98A-F174C26B5802}.Debug|Any CPU.ActiveCfg = Debug|x86
		{71D08F06-CFA4-4E49-A98A-F174C26B5802}.Debug|Any CPU.Build.0 = Debug|x86
		{71D08F06-CFA4-4E49-A98A-F174C26B5802}.Debug|Any CPU.Deploy.0 = Debug|x86
		{71D08F06-CFA4-4E49-A98A-F174C26B5802}.Debug|ARM.ActiveCfg = Debug|ARM
		{71D08F06-CFA4-4E49-A98A-F174C26B5802}.Debug|ARM.Build.0 = Debug|ARM
		{71D08F06-CFA4-4E49-A98A-F174C26B5802}.Debug|ARM.Deploy.0 = Debug|ARM
		{71D08F06-CFA4-4E49-A98A-F174C26B5802}.Debug|iPhone.ActiveCfg = Debug|x86
		{71D08F06-CFA4-4E49-A98A-F174C26B5802}.Debug|iPhone.Build.0 = Debug|x86
		{71D08F06-CFA4-4E49-A98A-F174C26B5802}.Debug|iPhone.Deploy.0 = Debug|x86
		{71D08F06-CFA4-4E49-A98A-F174C26B5802}.Debug|iPhoneSimulator.ActiveCfg = Debug|x86
		{71D08F06-CFA4-4E49-A98A-F174C26B5802}.Debug|iPhoneSimulator.Build.0 = Debug|x86
		{71D08F06-CFA4-4E49-A98A-F174C26B5802}.Debug|iPhoneSimulator.Deploy.0 = Debug|x86
		{71D08F06-CFA4-4E49-A98A-F174C26B5802}.Debug|x64.ActiveCfg = Debug|x64
		{71D08F06-CFA4-4E49-A98A-F174C26B5802}.Debug|x64.Build.0 = Debug|x64
		{71D08F06-CFA4-4E49-A98A-F174C26B5802}.Debug|x64.Deploy.0 = Debug|x64
		{71D08F06-CFA4-4E49-A98A-F174C26B5802}.Debug|x86.ActiveCfg = Debug|x86
		{71D08F06-CFA4-4E49-A98A-F174C26B5802}.Debug|x86.Build.0 = Debug|x86
		{71D08F06-CFA4-4E49-A98A-F174C26B5802}.Debug|x86.Deploy.0 = Debug|x86
		{71D08F06-CFA4-4E49-A98A-F174C26B5802}.Release|Any CPU.ActiveCfg = Release|x86
		{71D08F06-CFA4-4E49-A98A-F174C26B5802}.Release|Any CPU.Build.0 = Release|x86
		{71D08F06-CFA4-4E49-A98A-F174C26B5802}.Release|Any CPU.Deploy.0 = Release|x86
		{71D08F06-CFA4-4E49-A98A-F174C26B5802}.Release|ARM.ActiveCfg = Release|ARM
		{71D08F06-CFA4-4E49-A98A-F174C26B5802}.Release|ARM.Build.0 = Release|ARM
		{71D08F06-CFA4-4E49-A98A-F174C26B5802}.Release|ARM.Deploy.0 = Release|ARM
		{71D08F06-CFA4-4E49-A98A-F174C26B5802}.Release|iPhone.ActiveCfg = Release|x86
		{71D08F06-CFA4-4E49-A98A-F174C26B5802}.Release|iPhone.Build.0 = Release|x86
		{71D08F06-CFA4-4E49-A98A-F174C26B5802}.Release|iPhone.Deploy.0 = Release|x86
		{71D08F06-CFA4-4E49-A98A-F174C26B5802}.Release|iPhoneSimulator.ActiveCfg = Release|x86
		{71D08F06-CFA4-4E49-A98A-F174C26B5802}.Release|iPhoneSimulator.Build.0 = Release|x86
		{71D08F06-CFA4-4E49-A98A-F174C26B5802}.Release|iPhoneSimulator.Deploy.0 = Release|x86
		{71D08F06-CFA4-4E49-A98A-F174C26B5802}.Release|x64.ActiveCfg = Release|x64
		{71D08F06-CFA4-4E49-A98A-F174C26B5802}.Release|x64.Build.0 = Release|x64
		{71D08F06-CFA4-4E49-A98A-F174C26B5802}.Release|x64.Deploy.0 = Release|x64
		{71D08F06-CFA4-4E49-A98A-F174C26B5802}.Release|x86.ActiveCfg = Release|x86
		{71D08F06-CFA4-4E49-A98A-F174C26B5802}.Release|x86.Build.0 = Release|x86
		{71D08F06-CFA4-4E49-A98A-F174C26B5802}.Release|x86.Deploy.0 = Release|x86
		{FA34D756-2649-43D9-A035-F85BCD0EB966}.Debug|Any CPU.ActiveCfg = Debug|Any CPU
		{FA34D756-2649-43D9-A035-F85BCD0EB966}.Debug|Any CPU.Build.0 = Debug|Any CPU
		{FA34D756-2649-43D9-A035-F85BCD0EB966}.Debug|Any CPU.Deploy.0 = Debug|Any CPU
		{FA34D756-2649-43D9-A035-F85BCD0EB966}.Debug|ARM.ActiveCfg = Debug|Any CPU
		{FA34D756-2649-43D9-A035-F85BCD0EB966}.Debug|ARM.Build.0 = Debug|Any CPU
		{FA34D756-2649-43D9-A035-F85BCD0EB966}.Debug|ARM.Deploy.0 = Debug|Any CPU
		{FA34D756-2649-43D9-A035-F85BCD0EB966}.Debug|iPhone.ActiveCfg = Debug|Any CPU
		{FA34D756-2649-43D9-A035-F85BCD0EB966}.Debug|iPhone.Build.0 = Debug|Any CPU
		{FA34D756-2649-43D9-A035-F85BCD0EB966}.Debug|iPhone.Deploy.0 = Debug|Any CPU
		{FA34D756-2649-43D9-A035-F85BCD0EB966}.Debug|iPhoneSimulator.ActiveCfg = Debug|Any CPU
		{FA34D756-2649-43D9-A035-F85BCD0EB966}.Debug|iPhoneSimulator.Build.0 = Debug|Any CPU
		{FA34D756-2649-43D9-A035-F85BCD0EB966}.Debug|iPhoneSimulator.Deploy.0 = Debug|Any CPU
		{FA34D756-2649-43D9-A035-F85BCD0EB966}.Debug|x64.ActiveCfg = Debug|Any CPU
		{FA34D756-2649-43D9-A035-F85BCD0EB966}.Debug|x64.Build.0 = Debug|Any CPU
		{FA34D756-2649-43D9-A035-F85BCD0EB966}.Debug|x64.Deploy.0 = Debug|Any CPU
		{FA34D756-2649-43D9-A035-F85BCD0EB966}.Debug|x86.ActiveCfg = Debug|Any CPU
		{FA34D756-2649-43D9-A035-F85BCD0EB966}.Debug|x86.Build.0 = Debug|Any CPU
		{FA34D756-2649-43D9-A035-F85BCD0EB966}.Debug|x86.Deploy.0 = Debug|Any CPU
		{FA34D756-2649-43D9-A035-F85BCD0EB966}.Release|Any CPU.ActiveCfg = Release|Any CPU
		{FA34D756-2649-43D9-A035-F85BCD0EB966}.Release|Any CPU.Build.0 = Release|Any CPU
		{FA34D756-2649-43D9-A035-F85BCD0EB966}.Release|Any CPU.Deploy.0 = Release|Any CPU
		{FA34D756-2649-43D9-A035-F85BCD0EB966}.Release|ARM.ActiveCfg = Release|Any CPU
		{FA34D756-2649-43D9-A035-F85BCD0EB966}.Release|ARM.Build.0 = Release|Any CPU
		{FA34D756-2649-43D9-A035-F85BCD0EB966}.Release|ARM.Deploy.0 = Release|Any CPU
		{FA34D756-2649-43D9-A035-F85BCD0EB966}.Release|iPhone.ActiveCfg = Release|Any CPU
		{FA34D756-2649-43D9-A035-F85BCD0EB966}.Release|iPhone.Build.0 = Release|Any CPU
		{FA34D756-2649-43D9-A035-F85BCD0EB966}.Release|iPhone.Deploy.0 = Release|Any CPU
		{FA34D756-2649-43D9-A035-F85BCD0EB966}.Release|iPhoneSimulator.ActiveCfg = Release|Any CPU
		{FA34D756-2649-43D9-A035-F85BCD0EB966}.Release|iPhoneSimulator.Build.0 = Release|Any CPU
		{FA34D756-2649-43D9-A035-F85BCD0EB966}.Release|iPhoneSimulator.Deploy.0 = Release|Any CPU
		{FA34D756-2649-43D9-A035-F85BCD0EB966}.Release|x64.ActiveCfg = Release|Any CPU
		{FA34D756-2649-43D9-A035-F85BCD0EB966}.Release|x64.Build.0 = Release|Any CPU
		{FA34D756-2649-43D9-A035-F85BCD0EB966}.Release|x64.Deploy.0 = Release|Any CPU
		{FA34D756-2649-43D9-A035-F85BCD0EB966}.Release|x86.ActiveCfg = Release|Any CPU
		{FA34D756-2649-43D9-A035-F85BCD0EB966}.Release|x86.Build.0 = Release|Any CPU
		{FA34D756-2649-43D9-A035-F85BCD0EB966}.Release|x86.Deploy.0 = Release|Any CPU
		{618DFA7F-A31F-4B48-A40B-3F41E16D334A}.Debug|Any CPU.ActiveCfg = Debug|iPhone
		{618DFA7F-A31F-4B48-A40B-3F41E16D334A}.Debug|Any CPU.Build.0 = Debug|iPhone
		{618DFA7F-A31F-4B48-A40B-3F41E16D334A}.Debug|Any CPU.Deploy.0 = Debug|iPhone
		{618DFA7F-A31F-4B48-A40B-3F41E16D334A}.Debug|ARM.ActiveCfg = Debug|iPhoneSimulator
		{618DFA7F-A31F-4B48-A40B-3F41E16D334A}.Debug|ARM.Build.0 = Debug|iPhoneSimulator
		{618DFA7F-A31F-4B48-A40B-3F41E16D334A}.Debug|ARM.Deploy.0 = Debug|iPhoneSimulator
		{618DFA7F-A31F-4B48-A40B-3F41E16D334A}.Debug|iPhone.ActiveCfg = Debug|iPhone
		{618DFA7F-A31F-4B48-A40B-3F41E16D334A}.Debug|iPhone.Build.0 = Debug|iPhone
		{618DFA7F-A31F-4B48-A40B-3F41E16D334A}.Debug|iPhone.Deploy.0 = Debug|iPhone
		{618DFA7F-A31F-4B48-A40B-3F41E16D334A}.Debug|iPhoneSimulator.ActiveCfg = Debug|iPhoneSimulator
		{618DFA7F-A31F-4B48-A40B-3F41E16D334A}.Debug|iPhoneSimulator.Build.0 = Debug|iPhoneSimulator
		{618DFA7F-A31F-4B48-A40B-3F41E16D334A}.Debug|iPhoneSimulator.Deploy.0 = Debug|iPhoneSimulator
		{618DFA7F-A31F-4B48-A40B-3F41E16D334A}.Debug|x64.ActiveCfg = Debug|iPhone
		{618DFA7F-A31F-4B48-A40B-3F41E16D334A}.Debug|x64.Build.0 = Debug|iPhone
		{618DFA7F-A31F-4B48-A40B-3F41E16D334A}.Debug|x64.Deploy.0 = Debug|iPhone
		{618DFA7F-A31F-4B48-A40B-3F41E16D334A}.Debug|x86.ActiveCfg = Debug|iPhone
		{618DFA7F-A31F-4B48-A40B-3F41E16D334A}.Debug|x86.Build.0 = Debug|iPhone
		{618DFA7F-A31F-4B48-A40B-3F41E16D334A}.Debug|x86.Deploy.0 = Debug|iPhone
		{618DFA7F-A31F-4B48-A40B-3F41E16D334A}.Release|Any CPU.ActiveCfg = Release|iPhone
		{618DFA7F-A31F-4B48-A40B-3F41E16D334A}.Release|Any CPU.Build.0 = Release|iPhone
		{618DFA7F-A31F-4B48-A40B-3F41E16D334A}.Release|Any CPU.Deploy.0 = Release|iPhone
		{618DFA7F-A31F-4B48-A40B-3F41E16D334A}.Release|ARM.ActiveCfg = Release|iPhone
		{618DFA7F-A31F-4B48-A40B-3F41E16D334A}.Release|ARM.Build.0 = Release|iPhone
		{618DFA7F-A31F-4B48-A40B-3F41E16D334A}.Release|ARM.Deploy.0 = Release|iPhone
		{618DFA7F-A31F-4B48-A40B-3F41E16D334A}.Release|iPhone.ActiveCfg = Release|iPhone
		{618DFA7F-A31F-4B48-A40B-3F41E16D334A}.Release|iPhone.Build.0 = Release|iPhone
		{618DFA7F-A31F-4B48-A40B-3F41E16D334A}.Release|iPhone.Deploy.0 = Release|iPhone
		{618DFA7F-A31F-4B48-A40B-3F41E16D334A}.Release|iPhoneSimulator.ActiveCfg = Release|iPhoneSimulator
		{618DFA7F-A31F-4B48-A40B-3F41E16D334A}.Release|iPhoneSimulator.Build.0 = Release|iPhoneSimulator
		{618DFA7F-A31F-4B48-A40B-3F41E16D334A}.Release|iPhoneSimulator.Deploy.0 = Release|iPhoneSimulator
		{618DFA7F-A31F-4B48-A40B-3F41E16D334A}.Release|x64.ActiveCfg = Release|iPhone
		{618DFA7F-A31F-4B48-A40B-3F41E16D334A}.Release|x64.Build.0 = Release|iPhone
		{618DFA7F-A31F-4B48-A40B-3F41E16D334A}.Release|x64.Deploy.0 = Release|iPhone
		{618DFA7F-A31F-4B48-A40B-3F41E16D334A}.Release|x86.ActiveCfg = Release|iPhone
		{618DFA7F-A31F-4B48-A40B-3F41E16D334A}.Release|x86.Build.0 = Release|iPhone
		{618DFA7F-A31F-4B48-A40B-3F41E16D334A}.Release|x86.Deploy.0 = Release|iPhone
		{575FF6BD-A755-4B16-8C6A-F01D9C6C2464}.Debug|Any CPU.ActiveCfg = Debug|Any CPU
		{575FF6BD-A755-4B16-8C6A-F01D9C6C2464}.Debug|Any CPU.Build.0 = Debug|Any CPU
		{575FF6BD-A755-4B16-8C6A-F01D9C6C2464}.Debug|Any CPU.Deploy.0 = Debug|Any CPU
		{575FF6BD-A755-4B16-8C6A-F01D9C6C2464}.Debug|ARM.ActiveCfg = Debug|Any CPU
		{575FF6BD-A755-4B16-8C6A-F01D9C6C2464}.Debug|ARM.Build.0 = Debug|Any CPU
		{575FF6BD-A755-4B16-8C6A-F01D9C6C2464}.Debug|ARM.Deploy.0 = Debug|Any CPU
		{575FF6BD-A755-4B16-8C6A-F01D9C6C2464}.Debug|iPhone.ActiveCfg = Debug|Any CPU
		{575FF6BD-A755-4B16-8C6A-F01D9C6C2464}.Debug|iPhone.Build.0 = Debug|Any CPU
		{575FF6BD-A755-4B16-8C6A-F01D9C6C2464}.Debug|iPhone.Deploy.0 = Debug|Any CPU
		{575FF6BD-A755-4B16-8C6A-F01D9C6C2464}.Debug|iPhoneSimulator.ActiveCfg = Debug|Any CPU
		{575FF6BD-A755-4B16-8C6A-F01D9C6C2464}.Debug|iPhoneSimulator.Build.0 = Debug|Any CPU
		{575FF6BD-A755-4B16-8C6A-F01D9C6C2464}.Debug|iPhoneSimulator.Deploy.0 = Debug|Any CPU
		{575FF6BD-A755-4B16-8C6A-F01D9C6C2464}.Debug|x64.ActiveCfg = Debug|Any CPU
		{575FF6BD-A755-4B16-8C6A-F01D9C6C2464}.Debug|x64.Build.0 = Debug|Any CPU
		{575FF6BD-A755-4B16-8C6A-F01D9C6C2464}.Debug|x64.Deploy.0 = Debug|Any CPU
		{575FF6BD-A755-4B16-8C6A-F01D9C6C2464}.Debug|x86.ActiveCfg = Debug|Any CPU
		{575FF6BD-A755-4B16-8C6A-F01D9C6C2464}.Debug|x86.Build.0 = Debug|Any CPU
		{575FF6BD-A755-4B16-8C6A-F01D9C6C2464}.Debug|x86.Deploy.0 = Debug|Any CPU
		{575FF6BD-A755-4B16-8C6A-F01D9C6C2464}.Release|Any CPU.ActiveCfg = Release|Any CPU
		{575FF6BD-A755-4B16-8C6A-F01D9C6C2464}.Release|Any CPU.Build.0 = Release|Any CPU
		{575FF6BD-A755-4B16-8C6A-F01D9C6C2464}.Release|Any CPU.Deploy.0 = Release|Any CPU
		{575FF6BD-A755-4B16-8C6A-F01D9C6C2464}.Release|ARM.ActiveCfg = Release|Any CPU
		{575FF6BD-A755-4B16-8C6A-F01D9C6C2464}.Release|ARM.Build.0 = Release|Any CPU
		{575FF6BD-A755-4B16-8C6A-F01D9C6C2464}.Release|ARM.Deploy.0 = Release|Any CPU
		{575FF6BD-A755-4B16-8C6A-F01D9C6C2464}.Release|iPhone.ActiveCfg = Release|Any CPU
		{575FF6BD-A755-4B16-8C6A-F01D9C6C2464}.Release|iPhone.Build.0 = Release|Any CPU
		{575FF6BD-A755-4B16-8C6A-F01D9C6C2464}.Release|iPhone.Deploy.0 = Release|Any CPU
		{575FF6BD-A755-4B16-8C6A-F01D9C6C2464}.Release|iPhoneSimulator.ActiveCfg = Release|Any CPU
		{575FF6BD-A755-4B16-8C6A-F01D9C6C2464}.Release|iPhoneSimulator.Build.0 = Release|Any CPU
		{575FF6BD-A755-4B16-8C6A-F01D9C6C2464}.Release|iPhoneSimulator.Deploy.0 = Release|Any CPU
		{575FF6BD-A755-4B16-8C6A-F01D9C6C2464}.Release|x64.ActiveCfg = Release|Any CPU
		{575FF6BD-A755-4B16-8C6A-F01D9C6C2464}.Release|x64.Build.0 = Release|Any CPU
		{575FF6BD-A755-4B16-8C6A-F01D9C6C2464}.Release|x64.Deploy.0 = Release|Any CPU
		{575FF6BD-A755-4B16-8C6A-F01D9C6C2464}.Release|x86.ActiveCfg = Release|Any CPU
		{575FF6BD-A755-4B16-8C6A-F01D9C6C2464}.Release|x86.Build.0 = Release|Any CPU
		{575FF6BD-A755-4B16-8C6A-F01D9C6C2464}.Release|x86.Deploy.0 = Release|Any CPU
	EndGlobalSection
	GlobalSection(SolutionProperties) = preSolution
		HideSolutionNode = FALSE
	EndGlobalSection
	GlobalSection(ExtensibilityGlobals) = postSolution
		SolutionGuid = {4CDB9A06-C1B7-4BB5-8EAC-60CE3B2D6F36}
	EndGlobalSection
EndGlobal
